
Microsoft Visual Studio Solution File, Format Version 12.00
# Visual Studio Version 17
VisualStudioVersion = 17.4.33205.214
MinimumVisualStudioVersion = 10.0.40219.1
Project("{888888A0-9F3D-457C-B088-3A5042F75D52}") = "Bulk File Renamer", "Bulk File Renamer\Bulk File Renamer.pyproj", "{BDADFC6F-BACF-42A9-BC44-286A10F33344}"
EndProject
Global
	GlobalSection(SolutionConfigurationPlatforms) = preSolution
		Debug|Any CPU = Debug|Any CPU
		Release|Any CPU = Release|Any CPU
	EndGlobalSection
	GlobalSection(ProjectConfigurationPlatforms) = postSolution
		{BDADFC6F-BACF-42A9-BC44-286A10F33344}.Debug|Any CPU.ActiveCfg = Debug|Any CPU
		{BDADFC6F-BACF-42A9-BC44-286A10F33344}.Release|Any CPU.ActiveCfg = Release|Any CPU
	EndGlobalSection
	GlobalSection(SolutionProperties) = preSolution
		HideSolutionNode = FALSE
	EndGlobalSection
	GlobalSection(ExtensibilityGlobals) = postSolution
		SolutionGuid = {79F11672-1893-4A87-B5AF-AA9DA6637317}
	EndGlobalSection
EndGlobal
